{
  "name": "dsh-mac-companion",
  "version": "0.1.1",
  "lockfileVersion": 3,
  "requires": true,
  "packages": {
    "": {
      "name": "dsh-mac-companion",
      "version": "0.1.1",
      "license": "MIT",
      "dependencies": {
        "dsh-wsl-common": "github:173787247/dsh-wsl-common"
      },
      "engines": {
        "node": ">=18"
      }
    },
    "node_modules/dsh-wsl-common": {
      "version": "0.2.0",
      "resolved": "git+ssh://git@github.com/173787247/dsh-wsl-common.git#3d2ce64e4cbbe708cc26d31fe3dbf7b80dbd2781",
      "license": "MIT",
      "engines": {
        "node": ">=18"
      }
    }
  }
}
